
Microsoft Visual Studio Solution File, Format Version 12.00
# Visual Studio Version 16
VisualStudioVersion = 16.0.29411.138
MinimumVisualStudioVersion = 10.0.40219.1
Project("{9A19103F-16F7-4668-BE54-9A1E7A4F7556}") = "RH.WebApi", "webapi\RH.WebApi.csproj", "{83CD0F67-109D-4F7D-95D6-58EF0F6CF213}"
EndProject
Project("{9A19103F-16F7-4668-BE54-9A1E7A4F7556}") = "RH.Dominio", "Dominio\RH.Dominio.csproj", "{EE81D451-29AE-4F39-B55B-B9EC9C28FFAB}"
EndProject
Project("{9A19103F-16F7-4668-BE54-9A1E7A4F7556}") = "RH.Web", "web\RH.Web.csproj", "{30DB13FF-CB22-45D4-85BF-777053A0C491}"
EndProject
Global
	GlobalSection(SolutionConfigurationPlatforms) = preSolution
		Debug|Any CPU = Debug|Any CPU
		Release|Any CPU = Release|Any CPU
	EndGlobalSection
	GlobalSection(ProjectConfigurationPlatforms) = postSolution
		{83CD0F67-109D-4F7D-95D6-58EF0F6CF213}.Debug|Any CPU.ActiveCfg = Debug|Any CPU
		{83CD0F67-109D-4F7D-95D6-58EF0F6CF213}.Debug|Any CPU.Build.0 = Debug|Any CPU
		{83CD0F67-109D-4F7D-95D6-58EF0F6CF213}.Release|Any CPU.ActiveCfg = Release|Any CPU
		{83CD0F67-109D-4F7D-95D6-58EF0F6CF213}.Release|Any CPU.Build.0 = Release|Any CPU
		{EE81D451-29AE-4F39-B55B-B9EC9C28FFAB}.Debug|Any CPU.ActiveCfg = Debug|Any CPU
		{EE81D451-29AE-4F39-B55B-B9EC9C28FFAB}.Debug|Any CPU.Build.0 = Debug|Any CPU
		{EE81D451-29AE-4F39-B55B-B9EC9C28FFAB}.Release|Any CPU.ActiveCfg = Release|Any CPU
		{EE81D451-29AE-4F39-B55B-B9EC9C28FFAB}.Release|Any CPU.Build.0 = Release|Any CPU
		{30DB13FF-CB22-45D4-85BF-777053A0C491}.Debug|Any CPU.ActiveCfg = Debug|Any CPU
		{30DB13FF-CB22-45D4-85BF-777053A0C491}.Debug|Any CPU.Build.0 = Debug|Any CPU
		{30DB13FF-CB22-45D4-85BF-777053A0C491}.Release|Any CPU.ActiveCfg = Release|Any CPU
		{30DB13FF-CB22-45D4-85BF-777053A0C491}.Release|Any CPU.Build.0 = Release|Any CPU
	EndGlobalSection
	GlobalSection(SolutionProperties) = preSolution
		HideSolutionNode = FALSE
	EndGlobalSection
	GlobalSection(ExtensibilityGlobals) = postSolution
		SolutionGuid = {872D61D0-2078-4E3F-8AE9-F3157CB5CBD7}
	EndGlobalSection
EndGlobal
